{
  "name": "taelin-ai-scripts",
  "version": "0.1.0",
  "lockfileVersion": 3,
  "requires": true,
  "packages": {
    "": {
      "name": "taelin-ai-scripts",
      "version": "0.1.0",
      "license": "MIT",
      "dependencies": {
        "@anthropic-ai/sdk": "^0.19.1",
        "@google/generative-ai": "^0.12.0",
        "@portkey-ai/gateway": "^1.4.0",
        "gateway": "^1.0.0",
        "gpt-tokenizer": "^2.1.2",
        "groq-sdk": "^0.3.2",
        "openai": "^4.31.0",
        "portkey-ai": "^1.3.0",
        "punycode": "^2.3.1"
      },
      "bin": {
        "aiemu": "aiemu.mjs",
        "chatsh": "chatsh.mjs",
        "holefill": "holefill.mjs"
      }
    },
    "node_modules/@anthropic-ai/sdk": {
      "version": "0.19.1",
      "resolved": "https://registry.npmjs.org/@anthropic-ai/sdk/-/sdk-0.19.1.tgz",
      "integrity": "sha512-u9i8yN8wAr/ujaXSRjfYXiYzhCk2mdUG6G9y5IAKEAPJHwFTrEyf76Z4V1LqqFbDBlZqm0tkoMMpU8tmp65ocA==",
      "dependencies": {
        "@types/node": "^18.11.18",
        "@types/node-fetch": "^2.6.4",
        "abort-controller": "^3.0.0",
        "agentkeepalive": "^4.2.1",
        "digest-fetch": "^1.3.0",
        "form-data-encoder": "1.7.2",
        "formdata-node": "^4.3.2",
        "node-fetch": "^2.6.7",
        "web-streams-polyfill": "^3.2.1"
      }
    },
    "node_modules/@aws-crypto/sha256-js": {
      "version": "5.2.0",
      "resolved": "https://registry.npmjs.org/@aws-crypto/sha256-js/-/sha256-js-5.2.0.tgz",
      "integrity": "sha512-FFQQyu7edu4ufvIZ+OadFpHHOt+eSTBaYaki44c+akjg7qZg9oOQeLlk77F6tSYqjDAFClrHJk9tMf0HdVyOvA==",
      "dependencies": {
        "@aws-crypto/util": "^5.2.0",
        "@aws-sdk/types": "^3.222.0",
        "tslib": "^2.6.2"
      },
      "engines": {
        "node": ">=16.0.0"
      }
    },
    "node_modules/@aws-crypto/util": {
      "version": "5.2.0",
      "resolved": "https://registry.npmjs.org/@aws-crypto/util/-/util-5.2.0.tgz",
      "integrity": "sha512-4RkU9EsI6ZpBve5fseQlGNUWKMa1RLPQ1dnjnQoe07ldfIzcsGb5hC5W0Dm7u423KWzawlrpbjXBrXCEv9zazQ==",
      "dependencies": {
        "@aws-sdk/types": "^3.222.0",
        "@smithy/util-utf8": "^2.0.0",
        "tslib": "^2.6.2"
      }
    },
    "node_modules/@aws-sdk/types": {
      "version": "3.577.0",
      "resolved": "https://registry.npmjs.org/@aws-sdk/types/-/types-3.577.0.tgz",
      "integrity": "sha512-FT2JZES3wBKN/alfmhlo+3ZOq/XJ0C7QOZcDNrpKjB0kqYoKjhVKZ/Hx6ArR0czkKfHzBBEs6y40ebIHx2nSmA==",
      "dependencies": {
        "@smithy/types": "^3.0.0",
        "tslib": "^2.6.2"
      },
      "engines": {
        "node": ">=16.0.0"
      }
    },
    "node_modules/@google/generative-ai": {
      "version": "0.12.0",
      "resolved": "https://registry.npmjs.org/@google/generative-ai/-/generative-ai-0.12.0.tgz",
      "integrity": "sha512-krWjurjEUHSFhCX4lGHMOhbnpBfYZGU31mpHpPBQwcfWm0T+/+wxC4UCAJfkxxc3/HvGJVG8r4AqrffaeDHDlA==",
      "engines": {
        "node": ">=18.0.0"
      }
    },
    "node_modules/@hono/node-server": {
      "version": "1.11.2",
      "resolved": "https://registry.npmjs.org/@hono/node-server/-/node-server-1.11.2.tgz",
      "integrity": "sha512-JhX0nUC66GeDxpIdMKWDRMEwtQBa64CY907iAF1sYqb4m2p2PdSU7zkbnNhAZLg/6IjSlTuj6CF307JlBXVvpg==",
      "engines": {
        "node": ">=18.14.1"
      }
    },
    "node_modules/@portkey-ai/gateway": {
      "version": "1.4.0",
      "resolved": "https://registry.npmjs.org/@portkey-ai/gateway/-/gateway-1.4.0.tgz",
      "integrity": "sha512-Ob3EJIqch1nW3xI053qkZZUfCLH1YspxAPK/QpH20rRVs9vhFrXd8frv0zSIh6fM+ruXD7g6uecup6ZIRisLHg==",
      "dependencies": {
        "@aws-crypto/sha256-js": "^5.2.0",
        "@hono/node-server": "^1.3.3",
        "@portkey-ai/mustache": "^1.0.1",
        "@smithy/signature-v4": "^2.1.1",
        "@types/mustache": "^4.2.5",
        "async-retry": "^1.3.3",
        "hono": "^3.12.0",
        "zod": "^3.22.4"
      },
      "bin": {
        "gateway": "build/start-server.js"
      }
    },
    "node_modules/@portkey-ai/mustache": {
      "version": "1.0.1",
      "resolved": "https://registry.npmjs.org/@portkey-ai/mustache/-/mustache-1.0.1.tgz",
      "integrity": "sha512-F6mk+TBe3ZMEcn1jktxNJX/eoRIan3ac2o5G4s5emgrOKHUJcl1pMNWbT7XltMYtA8MuFMhvtRloQXGGNkc5CQ=="
    },
    "node_modules/@smithy/is-array-buffer": {
      "version": "2.2.0",
      "resolved": "https://registry.npmjs.org/@smithy/is-array-buffer/-/is-array-buffer-2.2.0.tgz",
      "integrity": "sha512-GGP3O9QFD24uGeAXYUjwSTXARoqpZykHadOmA8G5vfJPK0/DC67qa//0qvqrJzL1xc8WQWX7/yc7fwudjPHPhA==",
      "dependencies": {
        "tslib": "^2.6.2"
      },
      "engines": {
        "node": ">=14.0.0"
      }
    },
    "node_modules/@smithy/signature-v4": {
      "version": "2.3.0",
      "resolved": "https://registry.npmjs.org/@smithy/signature-v4/-/signature-v4-2.3.0.tgz",
      "integrity": "sha512-ui/NlpILU+6HAQBfJX8BBsDXuKSNrjTSuOYArRblcrErwKFutjrCNb/OExfVRyj9+26F9J+ZmfWT+fKWuDrH3Q==",
      "dependencies": {
        "@smithy/is-array-buffer": "^2.2.0",
        "@smithy/types": "^2.12.0",
        "@smithy/util-hex-encoding": "^2.2.0",
        "@smithy/util-middleware": "^2.2.0",
        "@smithy/util-uri-escape": "^2.2.0",
        "@smithy/util-utf8": "^2.3.0",
        "tslib": "^2.6.2"
      },
      "engines": {
        "node": ">=14.0.0"
      }
    },
    "node_modules/@smithy/signature-v4/node_modules/@smithy/types": {
      "version": "2.12.0",
      "resolved": "https://registry.npmjs.org/@smithy/types/-/types-2.12.0.tgz",
      "integrity": "sha512-QwYgloJ0sVNBeBuBs65cIkTbfzV/Q6ZNPCJ99EICFEdJYG50nGIY/uYXp+TbsdJReIuPr0a0kXmCvren3MbRRw==",
      "dependencies": {
        "tslib": "^2.6.2"
      },
      "engines": {
        "node": ">=14.0.0"
      }
    },
    "node_modules/@smithy/types": {
      "version": "3.0.0",
      "resolved": "https://registry.npmjs.org/@smithy/types/-/types-3.0.0.tgz",
      "integrity": "sha512-VvWuQk2RKFuOr98gFhjca7fkBS+xLLURT8bUjk5XQoV0ZLm7WPwWPPY3/AwzTLuUBDeoKDCthfe1AsTUWaSEhw==",
      "dependencies": {
        "tslib": "^2.6.2"
      },
      "engines": {
        "node": ">=16.0.0"
      }
    },
    "node_modules/@smithy/util-buffer-from": {
      "version": "2.2.0",
      "resolved": "https://registry.npmjs.org/@smithy/util-buffer-from/-/util-buffer-from-2.2.0.tgz",
      "integrity": "sha512-IJdWBbTcMQ6DA0gdNhh/BwrLkDR+ADW5Kr1aZmd4k3DIF6ezMV4R2NIAmT08wQJ3yUK82thHWmC/TnK/wpMMIA==",
      "dependencies": {
        "@smithy/is-array-buffer": "^2.2.0",
        "tslib": "^2.6.2"
      },
      "engines": {
        "node": ">=14.0.0"
      }
    },
    "node_modules/@smithy/util-hex-encoding": {
      "version": "2.2.0",
      "resolved": "https://registry.npmjs.org/@smithy/util-hex-encoding/-/util-hex-encoding-2.2.0.tgz",
      "integrity": "sha512-7iKXR+/4TpLK194pVjKiasIyqMtTYJsgKgM242Y9uzt5dhHnUDvMNb+3xIhRJ9QhvqGii/5cRUt4fJn3dtXNHQ==",
      "dependencies": {
        "tslib": "^2.6.2"
      },
      "engines": {
        "node": ">=14.0.0"
      }
    },
    "node_modules/@smithy/util-middleware": {
      "version": "2.2.0",
      "resolved": "https://registry.npmjs.org/@smithy/util-middleware/-/util-middleware-2.2.0.tgz",
      "integrity": "sha512-L1qpleXf9QD6LwLCJ5jddGkgWyuSvWBkJwWAZ6kFkdifdso+sk3L3O1HdmPvCdnCK3IS4qWyPxev01QMnfHSBw==",
      "dependencies": {
        "@smithy/types": "^2.12.0",
        "tslib": "^2.6.2"
      },
      "engines": {
        "node": ">=14.0.0"
      }
    },
    "node_modules/@smithy/util-middleware/node_modules/@smithy/types": {
      "version": "2.12.0",
      "resolved": "https://registry.npmjs.org/@smithy/types/-/types-2.12.0.tgz",
      "integrity": "sha512-QwYgloJ0sVNBeBuBs65cIkTbfzV/Q6ZNPCJ99EICFEdJYG50nGIY/uYXp+TbsdJReIuPr0a0kXmCvren3MbRRw==",
      "dependencies": {
        "tslib": "^2.6.2"
      },
      "engines": {
        "node": ">=14.0.0"
      }
    },
    "node_modules/@smithy/util-uri-escape": {
      "version": "2.2.0",
      "resolved": "https://registry.npmjs.org/@smithy/util-uri-escape/-/util-uri-escape-2.2.0.tgz",
      "integrity": "sha512-jtmJMyt1xMD/d8OtbVJ2gFZOSKc+ueYJZPW20ULW1GOp/q/YIM0wNh+u8ZFao9UaIGz4WoPW8hC64qlWLIfoDA==",
      "dependencies": {
        "tslib": "^2.6.2"
      },
      "engines": {
        "node": ">=14.0.0"
      }
    },
    "node_modules/@smithy/util-utf8": {
      "version": "2.3.0",
      "resolved": "https://registry.npmjs.org/@smithy/util-utf8/-/util-utf8-2.3.0.tgz",
      "integrity": "sha512-R8Rdn8Hy72KKcebgLiv8jQcQkXoLMOGGv5uI1/k0l+snqkOzQ1R0ChUBCxWMlBsFMekWjq0wRudIweFs7sKT5A==",
      "dependencies": {
        "@smithy/util-buffer-from": "^2.2.0",
        "tslib": "^2.6.2"
      },
      "engines": {
        "node": ">=14.0.0"
      }
    },
    "node_modules/@types/mustache": {
      "version": "4.2.5",
      "resolved": "https://registry.npmjs.org/@types/mustache/-/mustache-4.2.5.tgz",
      "integrity": "sha512-PLwiVvTBg59tGFL/8VpcGvqOu3L4OuveNvPi0EYbWchRdEVP++yRUXJPFl+CApKEq13017/4Nf7aQ5lTtHUNsA=="
    },
    "node_modules/@types/node": {
      "version": "18.19.14",
      "resolved": "https://registry.npmjs.org/@types/node/-/node-18.19.14.tgz",
      "integrity": "sha512-EnQ4Us2rmOS64nHDWr0XqAD8DsO6f3XR6lf9UIIrZQpUzPVdN/oPuEzfDWNHSyXLvoGgjuEm/sPwFGSSs35Wtg==",
      "dependencies": {
        "undici-types": "~5.26.4"
      }
    },
    "node_modules/@types/node-fetch": {
      "version": "2.6.11",
      "resolved": "https://registry.npmjs.org/@types/node-fetch/-/node-fetch-2.6.11.tgz",
      "integrity": "sha512-24xFj9R5+rfQJLRyM56qh+wnVSYhyXC2tkoBndtY0U+vubqNsYXGjufB2nn8Q6gt0LrARwL6UBtMCSVCwl4B1g==",
      "dependencies": {
        "@types/node": "*",
        "form-data": "^4.0.0"
      }
    },
    "node_modules/abort-controller": {
      "version": "3.0.0",
      "resolved": "https://registry.npmjs.org/abort-controller/-/abort-controller-3.0.0.tgz",
      "integrity": "sha512-h8lQ8tacZYnR3vNQTgibj+tODHI5/+l06Au2Pcriv/Gmet0eaj4TwWH41sO9wnHDiQsEj19q0drzdWdeAHtweg==",
      "dependencies": {
        "event-target-shim": "^5.0.0"
      },
      "engines": {
        "node": ">=6.5"
      }
    },
    "node_modules/agentkeepalive": {
      "version": "4.5.0",
      "resolved": "https://registry.npmjs.org/agentkeepalive/-/agentkeepalive-4.5.0.tgz",
      "integrity": "sha512-5GG/5IbQQpC9FpkRGsSvZI5QYeSCzlJHdpBQntCsuTOxhKD8lqKhrleg2Yi7yvMIf82Ycmmqln9U8V9qwEiJew==",
      "dependencies": {
        "humanize-ms": "^1.2.1"
      },
      "engines": {
        "node": ">= 8.0.0"
      }
    },
    "node_modules/async-retry": {
      "version": "1.3.3",
      "resolved": "https://registry.npmjs.org/async-retry/-/async-retry-1.3.3.tgz",
      "integrity": "sha512-wfr/jstw9xNi/0teMHrRW7dsz3Lt5ARhYNZ2ewpadnhaIp5mbALhOAP+EAdsC7t4Z6wqsDVv9+W6gm1Dk9mEyw==",
      "dependencies": {
        "retry": "0.13.1"
      }
    },
    "node_modules/asynckit": {
      "version": "0.4.0",
      "resolved": "https://registry.npmjs.org/asynckit/-/asynckit-0.4.0.tgz",
      "integrity": "sha512-Oei9OH4tRh0YqU3GxhX79dM/mwVgvbZJaSNaRk+bshkj0S5cfHcgYakreBjrHwatXKbz+IoIdYLxrKim2MjW0Q=="
    },
    "node_modules/base-64": {
      "version": "0.1.0",
      "resolved": "https://registry.npmjs.org/base-64/-/base-64-0.1.0.tgz",
      "integrity": "sha512-Y5gU45svrR5tI2Vt/X9GPd3L0HNIKzGu202EjxrXMpuc2V2CiKgemAbUUsqYmZJvPtCXoUKjNZwBJzsNScUbXA=="
    },
    "node_modules/charenc": {
      "version": "0.0.2",
      "resolved": "https://registry.npmjs.org/charenc/-/charenc-0.0.2.tgz",
      "integrity": "sha512-yrLQ/yVUFXkzg7EDQsPieE/53+0RlaWTs+wBrvW36cyilJ2SaDWfl4Yj7MtLTXleV9uEKefbAGUPv2/iWSooRA==",
      "engines": {
        "node": "*"
      }
    },
    "node_modules/combined-stream": {
      "version": "1.0.8",
      "resolved": "https://registry.npmjs.org/combined-stream/-/combined-stream-1.0.8.tgz",
      "integrity": "sha512-FQN4MRfuJeHf7cBbBMJFXhKSDq+2kAArBlmRBvcvFE5BB1HZKXtSFASDhdlz9zOYwxh8lDdnvmMOe/+5cdoEdg==",
      "dependencies": {
        "delayed-stream": "~1.0.0"
      },
      "engines": {
        "node": ">= 0.8"
      }
    },
    "node_modules/crypt": {
      "version": "0.0.2",
      "resolved": "https://registry.npmjs.org/crypt/-/crypt-0.0.2.tgz",
      "integrity": "sha512-mCxBlsHFYh9C+HVpiEacem8FEBnMXgU9gy4zmNC+SXAZNB/1idgp/aulFJ4FgCi7GPEVbfyng092GqL2k2rmow==",
      "engines": {
        "node": "*"
      }
    },
    "node_modules/delayed-stream": {
      "version": "1.0.0",
      "resolved": "https://registry.npmjs.org/delayed-stream/-/delayed-stream-1.0.0.tgz",
      "integrity": "sha512-ZySD7Nf91aLB0RxL4KGrKHBXl7Eds1DAmEdcoVawXnLD7SDhpNgtuII2aAkg7a7QS41jxPSZ17p4VdGnMHk3MQ==",
      "engines": {
        "node": ">=0.4.0"
      }
    },
    "node_modules/digest-fetch": {
      "version": "1.3.0",
      "resolved": "https://registry.npmjs.org/digest-fetch/-/digest-fetch-1.3.0.tgz",
      "integrity": "sha512-CGJuv6iKNM7QyZlM2T3sPAdZWd/p9zQiRNS9G+9COUCwzWFTs0Xp8NF5iePx7wtvhDykReiRRrSeNb4oMmB8lA==",
      "dependencies": {
        "base-64": "^0.1.0",
        "md5": "^2.3.0"
      }
    },
    "node_modules/dotenv": {
      "version": "16.4.5",
      "resolved": "https://registry.npmjs.org/dotenv/-/dotenv-16.4.5.tgz",
      "integrity": "sha512-ZmdL2rui+eB2YwhsWzjInR8LldtZHGDoQ1ugH85ppHKwpUHL7j7rN0Ti9NCnGiQbhaZ11FpR+7ao1dNsmduNUg==",
      "engines": {
        "node": ">=12"
      },
      "funding": {
        "url": "https://dotenvx.com"
      }
    },
    "node_modules/event-target-shim": {
      "version": "5.0.1",
      "resolved": "https://registry.npmjs.org/event-target-shim/-/event-target-shim-5.0.1.tgz",
      "integrity": "sha512-i/2XbnSz/uxRCU6+NdVJgKWDTM427+MqYbkQzD321DuCQJUqOuJKIA0IM2+W2xtYHdKOmZ4dR6fExsd4SXL+WQ==",
      "engines": {
        "node": ">=6"
      }
    },
    "node_modules/form-data": {
      "version": "4.0.0",
      "resolved": "https://registry.npmjs.org/form-data/-/form-data-4.0.0.tgz",
      "integrity": "sha512-ETEklSGi5t0QMZuiXoA/Q6vcnxcLQP5vdugSpuAyi6SVGi2clPPp+xgEhuMaHC+zGgn31Kd235W35f7Hykkaww==",
      "dependencies": {
        "asynckit": "^0.4.0",
        "combined-stream": "^1.0.8",
        "mime-types": "^2.1.12"
      },
      "engines": {
        "node": ">= 6"
      }
    },
    "node_modules/form-data-encoder": {
      "version": "1.7.2",
      "resolved": "https://registry.npmjs.org/form-data-encoder/-/form-data-encoder-1.7.2.tgz",
      "integrity": "sha512-qfqtYan3rxrnCk1VYaA4H+Ms9xdpPqvLZa6xmMgFvhO32x7/3J/ExcTd6qpxM0vH2GdMI+poehyBZvqfMTto8A=="
    },
    "node_modules/formdata-node": {
      "version": "4.4.1",
      "resolved": "https://registry.npmjs.org/formdata-node/-/formdata-node-4.4.1.tgz",
      "integrity": "sha512-0iirZp3uVDjVGt9p49aTaqjk84TrglENEDuqfdlZQ1roC9CWlPk6Avf8EEnZNcAqPonwkG35x4n3ww/1THYAeQ==",
      "dependencies": {
        "node-domexception": "1.0.0",
        "web-streams-polyfill": "4.0.0-beta.3"
      },
      "engines": {
        "node": ">= 12.20"
      }
    },
    "node_modules/formdata-node/node_modules/web-streams-polyfill": {
      "version": "4.0.0-beta.3",
      "resolved": "https://registry.npmjs.org/web-streams-polyfill/-/web-streams-polyfill-4.0.0-beta.3.tgz",
      "integrity": "sha512-QW95TCTaHmsYfHDybGMwO5IJIM93I/6vTRk+daHTWFPhwh+C8Cg7j7XyKrwrj8Ib6vYXe0ocYNrmzY4xAAN6ug==",
      "engines": {
        "node": ">= 14"
      }
    },
    "node_modules/gateway": {
      "version": "1.0.0",
      "resolved": "https://registry.npmjs.org/gateway/-/gateway-1.0.0.tgz",
      "integrity": "sha512-+yl70ZpYuhWDLmI6DPolQq/nqbst0Gb2ZHsRlEu9QOMoS4LbIIwWxubfgnbHhdQIhDyveHXd1f0vU8UDgYblfA=="
    },
    "node_modules/gpt-tokenizer": {
      "version": "2.1.2",
      "resolved": "https://registry.npmjs.org/gpt-tokenizer/-/gpt-tokenizer-2.1.2.tgz",
      "integrity": "sha512-HSuI5d6uey+c7x/VzQlPfCoGrfLyAc28vxWofKbjR9PJHm0AjQGSWkKw/OJnb+8S1g7nzgRsf0WH3dK+NNWYbg==",
      "dependencies": {
        "rfc4648": "^1.5.2"
      }
    },
    "node_modules/groq-sdk": {
      "version": "0.3.2",
      "resolved": "https://registry.npmjs.org/groq-sdk/-/groq-sdk-0.3.2.tgz",
      "integrity": "sha512-Xp1xOea7nqUcTMndpiA8VkjZ05jM/eUUeCILxhRF+c2etBz/myQwRcUrr5lpWc0euIt96AiBMa9aYa0Iqrh13g==",
      "dependencies": {
        "@types/node": "^18.11.18",
        "@types/node-fetch": "^2.6.4",
        "abort-controller": "^3.0.0",
        "agentkeepalive": "^4.2.1",
        "digest-fetch": "^1.3.0",
        "form-data-encoder": "1.7.2",
        "formdata-node": "^4.3.2",
        "node-fetch": "^2.6.7",
        "web-streams-polyfill": "^3.2.1"
      }
    },
    "node_modules/hono": {
      "version": "3.12.12",
      "resolved": "https://registry.npmjs.org/hono/-/hono-3.12.12.tgz",
      "integrity": "sha512-5IAMJOXfpA5nT+K0MNjClchzz0IhBHs2Szl7WFAhrFOsbtQsYmNynFyJRg/a3IPsmCfxcrf8txUGiNShXpK5Rg==",
      "engines": {
        "node": ">=16.0.0"
      }
    },
    "node_modules/humanize-ms": {
      "version": "1.2.1",
      "resolved": "https://registry.npmjs.org/humanize-ms/-/humanize-ms-1.2.1.tgz",
      "integrity": "sha512-Fl70vYtsAFb/C06PTS9dZBo7ihau+Tu/DNCk/OyHhea07S+aeMWpFFkUaXRa8fI+ScZbEI8dfSxwY7gxZ9SAVQ==",
      "dependencies": {
        "ms": "^2.0.0"
      }
    },
    "node_modules/is-buffer": {
      "version": "1.1.6",
      "resolved": "https://registry.npmjs.org/is-buffer/-/is-buffer-1.1.6.tgz",
      "integrity": "sha512-NcdALwpXkTm5Zvvbk7owOUSvVvBKDgKP5/ewfXEznmQFfs4ZRmanOeKBTjRVjka3QFoN6XJ+9F3USqfHqTaU5w=="
    },
    "node_modules/md5": {
      "version": "2.3.0",
      "resolved": "https://registry.npmjs.org/md5/-/md5-2.3.0.tgz",
      "integrity": "sha512-T1GITYmFaKuO91vxyoQMFETst+O71VUPEU3ze5GNzDm0OWdP8v1ziTaAEPUr/3kLsY3Sftgz242A1SetQiDL7g==",
      "dependencies": {
        "charenc": "0.0.2",
        "crypt": "0.0.2",
        "is-buffer": "~1.1.6"
      }
    },
    "node_modules/mime-db": {
      "version": "1.52.0",
      "resolved": "https://registry.npmjs.org/mime-db/-/mime-db-1.52.0.tgz",
      "integrity": "sha512-sPU4uV7dYlvtWJxwwxHD0PuihVNiE7TyAbQ5SWxDCB9mUYvOgroQOwYQQOKPJ8CIbE+1ETVlOoK1UC2nU3gYvg==",
      "engines": {
        "node": ">= 0.6"
      }
    },
    "node_modules/mime-types": {
      "version": "2.1.35",
      "resolved": "https://registry.npmjs.org/mime-types/-/mime-types-2.1.35.tgz",
      "integrity": "sha512-ZDY+bPm5zTTF+YpCrAU9nK0UgICYPT0QtT1NZWFv4s++TNkcgVaT0g6+4R2uI4MjQjzysHB1zxuWL50hzaeXiw==",
      "dependencies": {
        "mime-db": "1.52.0"
      },
      "engines": {
        "node": ">= 0.6"
      }
    },
    "node_modules/ms": {
      "version": "2.1.3",
      "resolved": "https://registry.npmjs.org/ms/-/ms-2.1.3.tgz",
      "integrity": "sha512-6FlzubTLZG3J2a/NVCAleEhjzq5oxgHyaCU9yYXvcLsvoVaHJq/s5xXI6/XXP6tz7R9xAOtHnSO/tXtF3WRTlA=="
    },
    "node_modules/node-domexception": {
      "version": "1.0.0",
      "resolved": "https://registry.npmjs.org/node-domexception/-/node-domexception-1.0.0.tgz",
      "integrity": "sha512-/jKZoMpw0F8GRwl4/eLROPA3cfcXtLApP0QzLmUT/HuPCZWyB7IY9ZrMeKw2O/nFIqPQB3PVM9aYm0F312AXDQ==",
      "funding": [
        {
          "type": "github",
          "url": "https://github.com/sponsors/jimmywarting"
        },
        {
          "type": "github",
          "url": "https://paypal.me/jimmywarting"
        }
      ],
      "engines": {
        "node": ">=10.5.0"
      }
    },
    "node_modules/node-fetch": {
      "version": "2.7.0",
      "resolved": "https://registry.npmjs.org/node-fetch/-/node-fetch-2.7.0.tgz",
      "integrity": "sha512-c4FRfUm/dbcWZ7U+1Wq0AwCyFL+3nt2bEw05wfxSz+DWpWsitgmSgYmy2dQdWyKC1694ELPqMs/YzUSNozLt8A==",
      "dependencies": {
        "whatwg-url": "^5.0.0"
      },
      "engines": {
        "node": "4.x || >=6.0.0"
      },
      "peerDependencies": {
        "encoding": "^0.1.0"
      },
      "peerDependenciesMeta": {
        "encoding": {
          "optional": true
        }
      }
    },
    "node_modules/openai": {
      "version": "4.36.0",
      "resolved": "https://registry.npmjs.org/openai/-/openai-4.36.0.tgz",
      "integrity": "sha512-AtYrhhWY64LhB9P6f3H0nV8nTSaQJ89mWPnfNU5CnYg81zlYaV8nkyO+aTNfprdqP/9xv10woNNUgefXINT4Dg==",
      "dependencies": {
        "@types/node": "^18.11.18",
        "@types/node-fetch": "^2.6.4",
        "abort-controller": "^3.0.0",
        "agentkeepalive": "^4.2.1",
        "form-data-encoder": "1.7.2",
        "formdata-node": "^4.3.2",
        "node-fetch": "^2.6.7",
        "web-streams-polyfill": "^3.2.1"
      },
      "bin": {
        "openai": "bin/cli"
      }
    },
    "node_modules/portkey-ai": {
      "version": "1.3.0",
      "resolved": "https://registry.npmjs.org/portkey-ai/-/portkey-ai-1.3.0.tgz",
      "integrity": "sha512-CH3kOafEVH9zc3PDHAfLnWB6ct8zz5eW0OEyafOj7GzRtScUZ5wq1I635EEsqQz7Vranv8DbX2EKD3gD3IwYtQ==",
      "dependencies": {
        "agentkeepalive": "^4.5.0",
        "dotenv": "^16.3.1",
        "openai": "4.36.0"
      }
    },
    "node_modules/punycode": {
      "version": "2.3.1",
      "resolved": "https://registry.npmjs.org/punycode/-/punycode-2.3.1.tgz",
      "integrity": "sha512-vYt7UD1U9Wg6138shLtLOvdAu+8DsC/ilFtEVHcH+wydcSpNE20AfSOduf6MkRFahL5FY7X1oU7nKVZFtfq8Fg==",
      "engines": {
        "node": ">=6"
      }
    },
    "node_modules/retry": {
      "version": "0.13.1",
      "resolved": "https://registry.npmjs.org/retry/-/retry-0.13.1.tgz",
      "integrity": "sha512-XQBQ3I8W1Cge0Seh+6gjj03LbmRFWuoszgK9ooCpwYIrhhoO80pfq4cUkU5DkknwfOfFteRwlZ56PYOGYyFWdg==",
      "engines": {
        "node": ">= 4"
      }
    },
    "node_modules/rfc4648": {
      "version": "1.5.3",
      "resolved": "https://registry.npmjs.org/rfc4648/-/rfc4648-1.5.3.tgz",
      "integrity": "sha512-MjOWxM065+WswwnmNONOT+bD1nXzY9Km6u3kzvnx8F8/HXGZdz3T6e6vZJ8Q/RIMUSp/nxqjH3GwvJDy8ijeQQ=="
    },
    "node_modules/tr46": {
      "version": "0.0.3",
      "resolved": "https://registry.npmjs.org/tr46/-/tr46-0.0.3.tgz",
      "integrity": "sha512-N3WMsuqV66lT30CrXNbEjx4GEwlow3v6rr4mCcv6prnfwhS01rkgyFdjPNBYd9br7LpXV1+Emh01fHnq2Gdgrw=="
    },
    "node_modules/tslib": {
      "version": "2.6.3",
      "resolved": "https://registry.npmjs.org/tslib/-/tslib-2.6.3.tgz",
      "integrity": "sha512-xNvxJEOUiWPGhUuUdQgAJPKOOJfGnIyKySOc09XkKsgdUV/3E2zvwZYdejjmRgPCgcym1juLH3226yA7sEFJKQ=="
    },
    "node_modules/undici-types": {
      "version": "5.26.5",
      "resolved": "https://registry.npmjs.org/undici-types/-/undici-types-5.26.5.tgz",
      "integrity": "sha512-JlCMO+ehdEIKqlFxk6IfVoAUVmgz7cU7zD/h9XZ0qzeosSHmUJVOzSQvvYSYWXkFXC+IfLKSIffhv0sVZup6pA=="
    },
    "node_modules/web-streams-polyfill": {
      "version": "3.3.2",
      "resolved": "https://registry.npmjs.org/web-streams-polyfill/-/web-streams-polyfill-3.3.2.tgz",
      "integrity": "sha512-3pRGuxRF5gpuZc0W+EpwQRmCD7gRqcDOMt688KmdlDAgAyaB1XlN0zq2njfDNm44XVdIouE7pZ6GzbdyH47uIQ==",
      "engines": {
        "node": ">= 8"
      }
    },
    "node_modules/webidl-conversions": {
      "version": "3.0.1",
      "resolved": "https://registry.npmjs.org/webidl-conversions/-/webidl-conversions-3.0.1.tgz",
      "integrity": "sha512-2JAn3z8AR6rjK8Sm8orRC0h/bcl/DqL7tRPdGZ4I1CjdF+EaMLmYxBHyXuKL849eucPFhvBoxMsflfOb8kxaeQ=="
    },
    "node_modules/whatwg-url": {
      "version": "5.0.0",
      "resolved": "https://registry.npmjs.org/whatwg-url/-/whatwg-url-5.0.0.tgz",
      "integrity": "sha512-saE57nupxk6v3HY35+jzBwYa0rKSy0XR8JSxZPwgLr7ys0IBzhGviA1/TUGJLmSVqs8pb9AnvICXEuOHLprYTw==",
      "dependencies": {
        "tr46": "~0.0.3",
        "webidl-conversions": "^3.0.0"
      }
    },
    "node_modules/zod": {
      "version": "3.23.8",
      "resolved": "https://registry.npmjs.org/zod/-/zod-3.23.8.tgz",
      "integrity": "sha512-XBx9AXhXktjUqnepgTiE5flcKIYWi/rme0Eaj+5Y0lftuGBq+jyRu/md4WnuxqgP1ubdpNCsYEYPxrzVHD8d6g==",
      "funding": {
        "url": "https://github.com/sponsors/colinhacks"
      }
    }
  }
}
